{
  "name": "DSI",
  "lockfileVersion": 3,
  "requires": true,
  "packages": {
    "": {
      "dependencies": {
        "@fullcalendar/core": "^6.1.9",
        "@fullcalendar/daygrid": "^6.1.9",
        "@fullcalendar/interaction": "^6.1.9",
        "fullcalendar": "^6.1.9",
        "leaflet-routing-machine": "^3.2.12",
        "push.js": "^1.0.12"
      }
    },
    "node_modules/@fullcalendar/core": {
      "version": "6.1.9",
      "resolved": "https://registry.npmjs.org/@fullcalendar/core/-/core-6.1.9.tgz",
      "integrity": "sha512-eeG+z9BWerdsU9Ac6j16rpYpPnE0wxtnEHiHrh/u/ADbGTR3hCOjCD9PxQOfhOTHbWOVs7JQunGcksSPu5WZBQ==",
      "dependencies": {
        "preact": "~10.12.1"
      }
    },
    "node_modules/@fullcalendar/daygrid": {
      "version": "6.1.9",
      "resolved": "https://registry.npmjs.org/@fullcalendar/daygrid/-/daygrid-6.1.9.tgz",
      "integrity": "sha512-o/6joH/7lmVHXAkbaa/tUbzWYnGp/LgfdiFyYPkqQbjKEeivNZWF1WhHqFbhx0zbFONSHtrvkjY2bjr+Ef2quQ==",
      "peerDependencies": {
        "@fullcalendar/core": "~6.1.9"
      }
    },
    "node_modules/@fullcalendar/interaction": {
      "version": "6.1.9",
      "resolved": "https://registry.npmjs.org/@fullcalendar/interaction/-/interaction-6.1.9.tgz",
      "integrity": "sha512-I3FGnv0kKZpIwujg3HllbKrciNjTqeTYy3oJG226oAn7lV6wnrrDYMmuGmA0jPJAGN46HKrQqKN7ItxQRDec4Q==",
      "peerDependencies": {
        "@fullcalendar/core": "~6.1.9"
      }
    },
    "node_modules/@fullcalendar/list": {
      "version": "6.1.9",
      "resolved": "https://registry.npmjs.org/@fullcalendar/list/-/list-6.1.9.tgz",
      "integrity": "sha512-OCKdC1Gz26cJ5QsXdQyXVyzVu23ypT2xzyAR+Wc8jEytcJLWXw2a914m/MVax8n8EHuaIYY2exhsy/eaSU0XNA==",
      "peerDependencies": {
        "@fullcalendar/core": "~6.1.9"
      }
    },
    "node_modules/@fullcalendar/multimonth": {
      "version": "6.1.9",
      "resolved": "https://registry.npmjs.org/@fullcalendar/multimonth/-/multimonth-6.1.9.tgz",
      "integrity": "sha512-YpH1NL6RzdM1wO2nFJ3pNMo9xhd6i2WuE+e7SnGi7q1lO+ZZ77h5Fja5JKcpuIQUFHpi+m6vTzihIV8DT44NnQ==",
      "dependencies": {
        "@fullcalendar/daygrid": "~6.1.9"
      },
      "peerDependencies": {
        "@fullcalendar/core": "~6.1.9"
      }
    },
    "node_modules/@fullcalendar/timegrid": {
      "version": "6.1.9",
      "resolved": "https://registry.npmjs.org/@fullcalendar/timegrid/-/timegrid-6.1.9.tgz",
      "integrity": "sha512-le7UV05wVE1Trdr054kgJXTwa+A1pEI8nlCBnPWdcyrL+dTLoPvQ4AWEVCnV7So+4zRYaCqnqGXfCJsj0RQa0g==",
      "dependencies": {
        "@fullcalendar/daygrid": "~6.1.9"
      },
      "peerDependencies": {
        "@fullcalendar/core": "~6.1.9"
      }
    },
    "node_modules/@mapbox/corslite": {
      "version": "0.0.7",
      "resolved": "https://registry.npmjs.org/@mapbox/corslite/-/corslite-0.0.7.tgz",
      "integrity": "sha512-w/uS474VFjmqQ7fFWIMZINQM1BAQxDLuoJaZZIPES1BmeYpCtlh9MtbFxKGGDAsfvut8/HircIsVvEYRjQ+iMg=="
    },
    "node_modules/@mapbox/polyline": {
      "version": "0.2.0",
      "resolved": "https://registry.npmjs.org/@mapbox/polyline/-/polyline-0.2.0.tgz",
      "integrity": "sha512-GCddO0iw6AzOQqZgBmjEQI9Pgo40/yRgkTkikGctE01kNBN0ThWYuAnTD+hRWrAWMV6QJ0rNm4m8DAsaAXE7Pg==",
      "bin": {
        "polyline": "bin/polyline.bin.js"
      },
      "engines": {
        "node": "*"
      }
    },
    "node_modules/fullcalendar": {
      "version": "6.1.9",
      "resolved": "https://registry.npmjs.org/fullcalendar/-/fullcalendar-6.1.9.tgz",
      "integrity": "sha512-b3y22EqOtV1cGjOlPE6krs1CwQA/8p5lsylllp35tqDLOK7kLIXDQotpXgsDBY4qAKTgdiSauqzdkdvyrbjAgQ==",
      "dependencies": {
        "@fullcalendar/core": "~6.1.9",
        "@fullcalendar/daygrid": "~6.1.9",
        "@fullcalendar/interaction": "~6.1.9",
        "@fullcalendar/list": "~6.1.9",
        "@fullcalendar/multimonth": "~6.1.9",
        "@fullcalendar/timegrid": "~6.1.9"
      }
    },
    "node_modules/leaflet-routing-machine": {
      "version": "3.2.12",
      "resolved": "https://registry.npmjs.org/leaflet-routing-machine/-/leaflet-routing-machine-3.2.12.tgz",
      "integrity": "sha512-HLde58G1YtD9xSIzZavJ6BPABZaV1hHeGst8ouhzuxmSC3s32NVtADT+njbIUMW1maHRCrsgTk/E4hz5QH7FrA==",
      "dependencies": {
        "@mapbox/corslite": "0.0.7",
        "@mapbox/polyline": "^0.2.0",
        "osrm-text-instructions": "^0.13.2"
      }
    },
    "node_modules/osrm-text-instructions": {
      "version": "0.13.4",
      "resolved": "https://registry.npmjs.org/osrm-text-instructions/-/osrm-text-instructions-0.13.4.tgz",
      "integrity": "sha512-ge4ZTIetMQKAHKq2MwWf83ntzdJN20ndRKRaVNoZ3SkDkBNO99Qddz7r6+hrVx38I+ih6Rk5T1yslczAB6Q9Pg=="
    },
    "node_modules/preact": {
      "version": "10.12.1",
      "resolved": "https://registry.npmjs.org/preact/-/preact-10.12.1.tgz",
      "integrity": "sha512-l8386ixSsBdbreOAkqtrwqHwdvR35ID8c3rKPa8lCWuO86dBi32QWHV4vfsZK1utLLFMvw+Z5Ad4XLkZzchscg==",
      "funding": {
        "type": "opencollective",
        "url": "https://opencollective.com/preact"
      }
    },
    "node_modules/push.js": {
      "version": "1.0.12",
      "resolved": "https://registry.npmjs.org/push.js/-/push.js-1.0.12.tgz",
      "integrity": "sha512-Mo/zkrPD58hcbMvC/9WveUPGz0PJ4T5UwQJP6DnMYbyxe7b1xM/9qqmJTMmDcprbZjCtLzf9wWtek7gA8O9QBw=="
    }
  }
}
